// !$*UTF8*$!
{
	archiveVersion = 1;
	classes = {
	};
	objectVersion = 46;
	objects = {

/* Begin PBXBuildFile section */
		1DD13CF41BB3CF73009EB9CD /* main.m in Sources */ = {isa = PBXBuildFile; fileRef = 1DD13CF31BB3CF73009EB9CD /* main.m */; };
		1DD13CF71BB3CF73009EB9CD /* AppDelegate.m in Sources */ = {isa = PBXBuildFile; fileRef = 1DD13CF61BB3CF73009EB9CD /* AppDelegate.m */; };
		1DD13CFA1BB3CF73009EB9CD /* SXViewController.m in Sources */ = {isa = PBXBuildFile; fileRef = 1DD13CF91BB3CF73009EB9CD /* SXViewController.m */; };
		1DD13CFD1BB3CF73009EB9CD /* Main.storyboard in Resources */ = {isa = PBXBuildFile; fileRef = 1DD13CFB1BB3CF73009EB9CD /* Main.storyboard */; };
		1DD13CFF1BB3CF74009EB9CD /* Assets.xcassets in Resources */ = {isa = PBXBuildFile; fileRef = 1DD13CFE1BB3CF74009EB9CD /* Assets.xcassets */; };
		1DD13D021BB3CF74009EB9CD /* LaunchScreen.storyboard in Resources */ = {isa = PBXBuildFile; fileRef = 1DD13D001BB3CF74009EB9CD /* LaunchScreen.storyboard */; };
		1DD13D0D1BB3CF74009EB9CD /* SXTableViewManagerTests.m in Sources */ = {isa = PBXBuildFile; fileRef = 1DD13D0C1BB3CF74009EB9CD /* SXTableViewManagerTests.m */; };
		1DD13D181BB3CF74009EB9CD /* SXTableViewManagerUITests.m in Sources */ = {isa = PBXBuildFile; fileRef = 1DD13D171BB3CF74009EB9CD /* SXTableViewManagerUITests.m */; };
		1DD13D281BB3D2C9009EB9CD /* SXXibCell.m in Sources */ = {isa = PBXBuildFile; fileRef = 1DD13D261BB3D2C9009EB9CD /* SXXibCell.m */; settings = {ASSET_TAGS = (); }; };
		1DD13D291BB3D2C9009EB9CD /* SXXibCell.xib in Resources */ = {isa = PBXBuildFile; fileRef = 1DD13D271BB3D2C9009EB9CD /* SXXibCell.xib */; settings = {ASSET_TAGS = (); }; };
		1DD13D2C1BB3D2E4009EB9CD /* SXCodeCell.m in Sources */ = {isa = PBXBuildFile; fileRef = 1DD13D2B1BB3D2E4009EB9CD /* SXCodeCell.m */; settings = {ASSET_TAGS = (); }; };
		1DD13D2F1BB3D571009EB9CD /* SXCellModel.m in Sources */ = {isa = PBXBuildFile; fileRef = 1DD13D2E1BB3D571009EB9CD /* SXCellModel.m */; settings = {ASSET_TAGS = (); }; };
		1DD13D321BB3E55B009EB9CD /* UIViewAdditions.m in Sources */ = {isa = PBXBuildFile; fileRef = 1DD13D311BB3E55B009EB9CD /* UIViewAdditions.m */; settings = {ASSET_TAGS = (); }; };
		1DD13D361BB68422009EB9CD /* SXTableViewManager.m in Sources */ = {isa = PBXBuildFile; fileRef = 1DD13D351BB68422009EB9CD /* SXTableViewManager.m */; settings = {ASSET_TAGS = (); }; };
		1DD13D391BB6920A009EB9CD /* SXCellInteraction.m in Sources */ = {isa = PBXBuildFile; fileRef = 1DD13D381BB6920A009EB9CD /* SXCellInteraction.m */; settings = {ASSET_TAGS = (); }; };
/* End PBXBuildFile section */

/* Begin PBXContainerItemProxy section */
		1DD13D091BB3CF74009EB9CD /* PBXContainerItemProxy */ = {
			isa = PBXContainerItemProxy;
			containerPortal = 1DD13CE71BB3CF73009EB9CD /* Project object */;
			proxyType = 1;
			remoteGlobalIDString = 1DD13CEE1BB3CF73009EB9CD;
			remoteInfo = SXTableViewManager;
		};
		1DD13D141BB3CF74009EB9CD /* PBXContainerItemProxy */ = {
			isa = PBXContainerItemProxy;
			containerPortal = 1DD13CE71BB3CF73009EB9CD /* Project object */;
			proxyType = 1;
			remoteGlobalIDString = 1DD13CEE1BB3CF73009EB9CD;
			remoteInfo = SXTableViewManager;
		};
/* End PBXContainerItemProxy section */

/* Begin PBXFileReference section */
		1DD13CEF1BB3CF73009EB9CD /* SXTableViewManager.app */ = {isa = PBXFileReference; explicitFileType = wrapper.application; includeInIndex = 0; path = SXTableViewManager.app; sourceTree = BUILT_PRODUCTS_DIR; };
		1DD13CF31BB3CF73009EB9CD /* main.m */ = {isa = PBXFileReference; lastKnownFileType = sourcecode.c.objc; path = main.m; sourceTree = "<group>"; };
		1DD13CF51BB3CF73009EB9CD /* AppDelegate.h */ = {isa = PBXFileReference; lastKnownFileType = sourcecode.c.h; path = AppDelegate.h; sourceTree = "<group>"; };
		1DD13CF61BB3CF73009EB9CD /* AppDelegate.m */ = {isa = PBXFileReference; lastKnownFileType = sourcecode.c.objc; path = AppDelegate.m; sourceTree = "<group>"; };
		1DD13CF81BB3CF73009EB9CD /* SXViewController.h */ = {isa = PBXFileReference; lastKnownFileType = sourcecode.c.h; path = SXViewController.h; sourceTree = "<group>"; };
		1DD13CF91BB3CF73009EB9CD /* SXViewController.m */ = {isa = PBXFileReference; lastKnownFileType = sourcecode.c.objc; path = SXViewController.m; sourceTree = "<group>"; };
		1DD13CFC1BB3CF73009EB9CD /* Base */ = {isa = PBXFileReference; lastKnownFileType = file.storyboard; name = Base; path = Base.lproj/Main.storyboard; sourceTree = "<group>"; };
		1DD13CFE1BB3CF74009EB9CD /* Assets.xcassets */ = {isa = PBXFileReference; lastKnownFileType = folder.assetcatalog; path = Assets.xcassets; sourceTree = "<group>"; };
		1DD13D011BB3CF74009EB9CD /* Base */ = {isa = PBXFileReference; lastKnownFileType = file.storyboard; name = Base; path = Base.lproj/LaunchScreen.storyboard; sourceTree = "<group>"; };
		1DD13D031BB3CF74009EB9CD /* Info.plist */ = {isa = PBXFileReference; lastKnownFileType = text.plist.xml; path = Info.plist; sourceTree = "<group>"; };
		1DD13D081BB3CF74009EB9CD /* SXTableViewManagerTests.xctest */ = {isa = PBXFileReference; explicitFileType = wrapper.cfbundle; includeInIndex = 0; path = SXTableViewManagerTests.xctest; sourceTree = BUILT_PRODUCTS_DIR; };
		1DD13D0C1BB3CF74009EB9CD /* SXTableViewManagerTests.m */ = {isa = PBXFileReference; lastKnownFileType = sourcecode.c.objc; path = SXTableViewManagerTests.m; sourceTree = "<group>"; };
		1DD13D0E1BB3CF74009EB9CD /* Info.plist */ = {isa = PBXFileReference; lastKnownFileType = text.plist.xml; path = Info.plist; sourceTree = "<group>"; };
		1DD13D131BB3CF74009EB9CD /* SXTableViewManagerUITests.xctest */ = {isa = PBXFileReference; explicitFileType = wrapper.cfbundle; includeInIndex = 0; path = SXTableViewManagerUITests.xctest; sourceTree = BUILT_PRODUCTS_DIR; };
		1DD13D171BB3CF74009EB9CD /* SXTableViewManagerUITests.m */ = {isa = PBXFileReference; lastKnownFileType = sourcecode.c.objc; path = SXTableViewManagerUITests.m; sourceTree = "<group>"; };
		1DD13D191BB3CF74009EB9CD /* Info.plist */ = {isa = PBXFileReference; lastKnownFileType = text.plist.xml; path = Info.plist; sourceTree = "<group>"; };
		1DD13D251BB3D2C9009EB9CD /* SXXibCell.h */ = {isa = PBXFileReference; fileEncoding = 4; lastKnownFileType = sourcecode.c.h; path = SXXibCell.h; sourceTree = "<group>"; };
		1DD13D261BB3D2C9009EB9CD /* SXXibCell.m */ = {isa = PBXFileReference; fileEncoding = 4; lastKnownFileType = sourcecode.c.objc; path = SXXibCell.m; sourceTree = "<group>"; };
		1DD13D271BB3D2C9009EB9CD /* SXXibCell.xib */ = {isa = PBXFileReference; fileEncoding = 4; lastKnownFileType = file.xib; path = SXXibCell.xib; sourceTree = "<group>"; };
		1DD13D2A1BB3D2E4009EB9CD /* SXCodeCell.h */ = {isa = PBXFileReference; fileEncoding = 4; lastKnownFileType = sourcecode.c.h; path = SXCodeCell.h; sourceTree = "<group>"; };
		1DD13D2B1BB3D2E4009EB9CD /* SXCodeCell.m */ = {isa = PBXFileReference; fileEncoding = 4; lastKnownFileType = sourcecode.c.objc; path = SXCodeCell.m; sourceTree = "<group>"; };
		1DD13D2D1BB3D571009EB9CD /* SXCellModel.h */ = {isa = PBXFileReference; fileEncoding = 4; lastKnownFileType = sourcecode.c.h; path = SXCellModel.h; sourceTree = "<group>"; };
		1DD13D2E1BB3D571009EB9CD /* SXCellModel.m */ = {isa = PBXFileReference; fileEncoding = 4; lastKnownFileType = sourcecode.c.objc; path = SXCellModel.m; sourceTree = "<group>"; };
		1DD13D301BB3E55B009EB9CD /* UIViewAdditions.h */ = {isa = PBXFileReference; fileEncoding = 4; lastKnownFileType = sourcecode.c.h; path = UIViewAdditions.h; sourceTree = "<group>"; };
		1DD13D311BB3E55B009EB9CD /* UIViewAdditions.m */ = {isa = PBXFileReference; fileEncoding = 4; lastKnownFileType = sourcecode.c.objc; path = UIViewAdditions.m; sourceTree = "<group>"; };
		1DD13D341BB68422009EB9CD /* SXTableViewManager.h */ = {isa = PBXFileReference; fileEncoding = 4; lastKnownFileType = sourcecode.c.h; path = SXTableViewManager.h; sourceTree = "<group>"; };
		1DD13D351BB68422009EB9CD /* SXTableViewManager.m */ = {isa = PBXFileReference; fileEncoding = 4; lastKnownFileType = sourcecode.c.objc; path = SXTableViewManager.m; sourceTree = "<group>"; };
		1DD13D371BB6920A009EB9CD /* SXCellInteraction.h */ = {isa = PBXFileReference; fileEncoding = 4; lastKnownFileType = sourcecode.c.h; path = SXCellInteraction.h; sourceTree = "<group>"; };
		1DD13D381BB6920A009EB9CD /* SXCellInteraction.m */ = {isa = PBXFileReference; fileEncoding = 4; lastKnownFileType = sourcecode.c.objc; path = SXCellInteraction.m; sourceTree = "<group>"; };
/* End PBXFileReference section */

/* Begin PBXFrameworksBuildPhase section */
		1DD13CEC1BB3CF73009EB9CD /* Frameworks */ = {
			isa = PBXFrameworksBuildPhase;
			buildActionMask = 2147483647;
			files = (
			);
			runOnlyForDeploymentPostprocessing = 0;
		};
		1DD13D051BB3CF74009EB9CD /* Frameworks */ = {
			isa = PBXFrameworksBuildPhase;
			buildActionMask = 2147483647;
			files = (
			);
			runOnlyForDeploymentPostprocessing = 0;
		};
		1DD13D101BB3CF74009EB9CD /* Frameworks */ = {
			isa = PBXFrameworksBuildPhase;
			buildActionMask = 2147483647;
			files = (
			);
			runOnlyForDeploymentPostprocessing = 0;
		};
/* End PBXFrameworksBuildPhase section */

/* Begin PBXGroup section */
		1DD13CE61BB3CF73009EB9CD = {
			isa = PBXGroup;
			children = (
				1DD13CF11BB3CF73009EB9CD /* SXTableViewManager */,
				1DD13D0B1BB3CF74009EB9CD /* SXTableViewManagerTests */,
				1DD13D161BB3CF74009EB9CD /* SXTableViewManagerUITests */,
				1DD13CF01BB3CF73009EB9CD /* Products */,
			);
			sourceTree = "<group>";
		};
		1DD13CF01BB3CF73009EB9CD /* Products */ = {
			isa = PBXGroup;
			children = (
				1DD13CEF1BB3CF73009EB9CD /* SXTableViewManager.app */,
				1DD13D081BB3CF74009EB9CD /* SXTableViewManagerTests.xctest */,
				1DD13D131BB3CF74009EB9CD /* SXTableViewManagerUITests.xctest */,
			);
			name = Products;
			sourceTree = "<group>";
		};
		1DD13CF11BB3CF73009EB9CD /* SXTableViewManager */ = {
			isa = PBXGroup;
			children = (
				1DD13D331BB683FB009EB9CD /* sourcefile */,
				1DD13D301BB3E55B009EB9CD /* UIViewAdditions.h */,
				1DD13D311BB3E55B009EB9CD /* UIViewAdditions.m */,
				1DD13CF51BB3CF73009EB9CD /* AppDelegate.h */,
				1DD13CF61BB3CF73009EB9CD /* AppDelegate.m */,
				1DD13CF81BB3CF73009EB9CD /* SXViewController.h */,
				1DD13CF91BB3CF73009EB9CD /* SXViewController.m */,
				1DD13D2D1BB3D571009EB9CD /* SXCellModel.h */,
				1DD13D2E1BB3D571009EB9CD /* SXCellModel.m */,
				1DD13D2A1BB3D2E4009EB9CD /* SXCodeCell.h */,
				1DD13D2B1BB3D2E4009EB9CD /* SXCodeCell.m */,
				1DD13D251BB3D2C9009EB9CD /* SXXibCell.h */,
				1DD13D261BB3D2C9009EB9CD /* SXXibCell.m */,
				1DD13D271BB3D2C9009EB9CD /* SXXibCell.xib */,
				1DD13CFB1BB3CF73009EB9CD /* Main.storyboard */,
				1DD13CFE1BB3CF74009EB9CD /* Assets.xcassets */,
				1DD13D001BB3CF74009EB9CD /* LaunchScreen.storyboard */,
				1DD13D031BB3CF74009EB9CD /* Info.plist */,
				1DD13CF21BB3CF73009EB9CD /* Supporting Files */,
			);
			path = SXTableViewManager;
			sourceTree = "<group>";
		};
		1DD13CF21BB3CF73009EB9CD /* Supporting Files */ = {
			isa = PBXGroup;
			children = (
				1DD13CF31BB3CF73009EB9CD /* main.m */,
			);
			name = "Supporting Files";
			sourceTree = "<group>";
		};
		1DD13D0B1BB3CF74009EB9CD /* SXTableViewManagerTests */ = {
			isa = PBXGroup;
			children = (
				1DD13D0C1BB3CF74009EB9CD /* SXTableViewManagerTests.m */,
				1DD13D0E1BB3CF74009EB9CD /* Info.plist */,
			);
			path = SXTableViewManagerTests;
			sourceTree = "<group>";
		};
		1DD13D161BB3CF74009EB9CD /* SXTableViewManagerUITests */ = {
			isa = PBXGroup;
			children = (
				1DD13D171BB3CF74009EB9CD /* SXTableViewManagerUITests.m */,
				1DD13D191BB3CF74009EB9CD /* Info.plist */,
			);
			path = SXTableViewManagerUITests;
			sourceTree = "<group>";
		};
		1DD13D331BB683FB009EB9CD /* sourcefile */ = {
			isa = PBXGroup;
			children = (
				1DD13D341BB68422009EB9CD /* SXTableViewManager.h */,
				1DD13D351BB68422009EB9CD /* SXTableViewManager.m */,
				1DD13D371BB6920A009EB9CD /* SXCellInteraction.h */,
				1DD13D381BB6920A009EB9CD /* SXCellInteraction.m */,
			);
			name = sourcefile;
			sourceTree = "<group>";
		};
/* End PBXGroup section */

/* Begin PBXNativeTarget section */
		1DD13CEE1BB3CF73009EB9CD /* SXTableViewManager */ = {
			isa = PBXNativeTarget;
			buildConfigurationList = 1DD13D1C1BB3CF74009EB9CD /* Build configuration list for PBXNativeTarget "SXTableViewManager" */;
			buildPhases = (
				1DD13CEB1BB3CF73009EB9CD /* Sources */,
				1DD13CEC1BB3CF73009EB9CD /* Frameworks */,
				1DD13CED1BB3CF73009EB9CD /* Resources */,
			);
			buildRules = (
			);
			dependencies = (
			);
			name = SXTableViewManager;
			productName = SXTableViewManager;
			productReference = 1DD13CEF1BB3CF73009EB9CD /* SXTableViewManager.app */;
			productType = "com.apple.product-type.application";
		};
		1DD13D071BB3CF74009EB9CD /* SXTableViewManagerTests */ = {
			isa = PBXNativeTarget;
			buildConfigurationList = 1DD13D1F1BB3CF74009EB9CD /* Build configuration list for PBXNativeTarget "SXTableViewManagerTests" */;
			buildPhases = (
				1DD13D041BB3CF74009EB9CD /* Sources */,
				1DD13D051BB3CF74009EB9CD /* Frameworks */,
				1DD13D061BB3CF74009EB9CD /* Resources */,
			);
			buildRules = (
			);
			dependencies = (
				1DD13D0A1BB3CF74009EB9CD /* PBXTargetDependency */,
			);
			name = SXTableViewManagerTests;
			productName = SXTableViewManagerTests;
			productReference = 1DD13D081BB3CF74009EB9CD /* SXTableViewManagerTests.xctest */;
			productType = "com.apple.product-type.bundle.unit-test";
		};
		1DD13D121BB3CF74009EB9CD /* SXTableViewManagerUITests */ = {
			isa = PBXNativeTarget;
			buildConfigurationList = 1DD13D221BB3CF74009EB9CD /* Build configuration list for PBXNativeTarget "SXTableViewManagerUITests" */;
			buildPhases = (
				1DD13D0F1BB3CF74009EB9CD /* Sources */,
				1DD13D101BB3CF74009EB9CD /* Frameworks */,
				1DD13D111BB3CF74009EB9CD /* Resources */,
			);
			buildRules = (
			);
			dependencies = (
				1DD13D151BB3CF74009EB9CD /* PBXTargetDependency */,
			);
			name = SXTableViewManagerUITests;
			productName = SXTableViewManagerUITests;
			productReference = 1DD13D131BB3CF74009EB9CD /* SXTableViewManagerUITests.xctest */;
			productType = "com.apple.product-type.bundle.ui-testing";
		};
/* End PBXNativeTarget section */

/* Begin PBXProject section */
		1DD13CE71BB3CF73009EB9CD /* Project object */ = {
			isa = PBXProject;
			attributes = {
				CLASSPREFIX = SX;
				LastUpgradeCheck = 0700;
				ORGANIZATIONNAME = Sankuai;
				TargetAttributes = {
					1DD13CEE1BB3CF73009EB9CD = {
						CreatedOnToolsVersion = 7.0;
					};
					1DD13D071BB3CF74009EB9CD = {
						CreatedOnToolsVersion = 7.0;
						TestTargetID = 1DD13CEE1BB3CF73009EB9CD;
					};
					1DD13D121BB3CF74009EB9CD = {
						CreatedOnToolsVersion = 7.0;
						TestTargetID = 1DD13CEE1BB3CF73009EB9CD;
					};
				};
			};
			buildConfigurationList = 1DD13CEA1BB3CF73009EB9CD /* Build configuration list for PBXProject "SXTableViewManager" */;
			compatibilityVersion = "Xcode 3.2";
			developmentRegion = English;
			hasScannedForEncodings = 0;
			knownRegions = (
				en,
				Base,
			);
			mainGroup = 1DD13CE61BB3CF73009EB9CD;
			productRefGroup = 1DD13CF01BB3CF73009EB9CD /* Products */;
			projectDirPath = "";
			projectRoot = "";
			targets = (
				1DD13CEE1BB3CF73009EB9CD /* SXTableViewManager */,
				1DD13D071BB3CF74009EB9CD /* SXTableViewManagerTests */,
				1DD13D121BB3CF74009EB9CD /* SXTableViewManagerUITests */,
			);
		};
/* End PBXProject section */

/* Begin PBXResourcesBuildPhase section */
		1DD13CED1BB3CF73009EB9CD /* Resources */ = {
			isa = PBXResourcesBuildPhase;
			buildActionMask = 2147483647;
			files = (
				1DD13D291BB3D2C9009EB9CD /* SXXibCell.xib in Resources */,
				1DD13D021BB3CF74009EB9CD /* LaunchScreen.storyboard in Resources */,
				1DD13CFF1BB3CF74009EB9CD /* Assets.xcassets in Resources */,
				1DD13CFD1BB3CF73009EB9CD /* Main.storyboard in Resources */,
			);
			runOnlyForDeploymentPostprocessing = 0;
		};
		1DD13D061BB3CF74009EB9CD /* Resources */ = {
			isa = PBXResourcesBuildPhase;
			buildActionMask = 2147483647;
			files = (
			);
			runOnlyForDeploymentPostprocessing = 0;
		};
		1DD13D111BB3CF74009EB9CD /* Resources */ = {
			isa = PBXResourcesBuildPhase;
			buildActionMask = 2147483647;
			files = (
			);
			runOnlyForDeploymentPostprocessing = 0;
		};
/* End PBXResourcesBuildPhase section */

/* Begin PBXSourcesBuildPhase section */
		1DD13CEB1BB3CF73009EB9CD /* Sources */ = {
			isa = PBXSourcesBuildPhase;
			buildActionMask = 2147483647;
			files = (
				1DD13D361BB68422009EB9CD /* SXTableViewManager.m in Sources */,
				1DD13D391BB6920A009EB9CD /* SXCellInteraction.m in Sources */,
				1DD13D2F1BB3D571009EB9CD /* SXCellModel.m in Sources */,
				1DD13D281BB3D2C9009EB9CD /* SXXibCell.m in Sources */,
				1DD13D321BB3E55B009EB9CD /* UIViewAdditions.m in Sources */,
				1DD13CFA1BB3CF73009EB9CD /* SXViewController.m in Sources */,
				1DD13CF71BB3CF73009EB9CD /* AppDelegate.m in Sources */,
				1DD13CF41BB3CF73009EB9CD /* main.m in Sources */,
				1DD13D2C1BB3D2E4009EB9CD /* SXCodeCell.m in Sources */,
			);
			runOnlyForDeploymentPostprocessing = 0;
		};
		1DD13D041BB3CF74009EB9CD /* Sources */ = {
			isa = PBXSourcesBuildPhase;
			buildActionMask = 2147483647;
			files = (
				1DD13D0D1BB3CF74009EB9CD /* SXTableViewManagerTests.m in Sources */,
			);
			runOnlyForDeploymentPostprocessing = 0;
		};
		1DD13D0F1BB3CF74009EB9CD /* Sources */ = {
			isa = PBXSourcesBuildPhase;
			buildActionMask = 2147483647;
			files = (
				1DD13D181BB3CF74009EB9CD /* SXTableViewManagerUITests.m in Sources */,
			);
			runOnlyForDeploymentPostprocessing = 0;
		};
/* End PBXSourcesBuildPhase section */

/* Begin PBXTargetDependency section */
		1DD13D0A1BB3CF74009EB9CD /* PBXTargetDependency */ = {
			isa = PBXTargetDependency;
			target = 1DD13CEE1BB3CF73009EB9CD /* SXTableViewManager */;
			targetProxy = 1DD13D091BB3CF74009EB9CD /* PBXContainerItemProxy */;
		};
		1DD13D151BB3CF74009EB9CD /* PBXTargetDependency */ = {
			isa = PBXTargetDependency;
			target = 1DD13CEE1BB3CF73009EB9CD /* SXTableViewManager */;
			targetProxy = 1DD13D141BB3CF74009EB9CD /* PBXContainerItemProxy */;
		};
/* End PBXTargetDependency section */

/* Begin PBXVariantGroup section */
		1DD13CFB1BB3CF73009EB9CD /* Main.storyboard */ = {
			isa = PBXVariantGroup;
			children = (
				1DD13CFC1BB3CF73009EB9CD /* Base */,
			);
			name = Main.storyboard;
			sourceTree = "<group>";
		};
		1DD13D001BB3CF74009EB9CD /* LaunchScreen.storyboard */ = {
			isa = PBXVariantGroup;
			children = (
				1DD13D011BB3CF74009EB9CD /* Base */,
			);
			name = LaunchScreen.storyboard;
			sourceTree = "<group>";
		};
/* End PBXVariantGroup section */

/* Begin XCBuildConfiguration section */
		1DD13D1A1BB3CF74009EB9CD /* Debug */ = {
			isa = XCBuildConfiguration;
			buildSettings = {
				ALWAYS_SEARCH_USER_PATHS = NO;
				CLANG_CXX_LANGUAGE_STANDARD = "gnu++0x";
				CLANG_CXX_LIBRARY = "libc++";
				CLANG_ENABLE_MODULES = YES;
				CLANG_ENABLE_OBJC_ARC = YES;
				CLANG_WARN_BOOL_CONVERSION = YES;
				CLANG_WARN_CONSTANT_CONVERSION = YES;
				CLANG_WARN_DIRECT_OBJC_ISA_USAGE = YES_ERROR;
				CLANG_WARN_EMPTY_BODY = YES;
				CLANG_WARN_ENUM_CONVERSION = YES;
				CLANG_WARN_INT_CONVERSION = YES;
				CLANG_WARN_OBJC_ROOT_CLASS = YES_ERROR;
				CLANG_WARN_UNREACHABLE_CODE = YES;
				CLANG_WARN__DUPLICATE_METHOD_MATCH = YES;
				"CODE_SIGN_IDENTITY[sdk=iphoneos*]" = "iPhone Developer";
				COPY_PHASE_STRIP = NO;
				DEBUG_INFORMATION_FORMAT = dwarf;
				ENABLE_STRICT_OBJC_MSGSEND = YES;
				ENABLE_TESTABILITY = YES;
				GCC_C_LANGUAGE_STANDARD = gnu99;
				GCC_DYNAMIC_NO_PIC = NO;
				GCC_NO_COMMON_BLOCKS = YES;
				GCC_OPTIMIZATION_LEVEL = 0;
				GCC_PREPROCESSOR_DEFINITIONS = (
					"DEBUG=1",
					"$(inherited)",
				);
				GCC_WARN_64_TO_32_BIT_CONVERSION = YES;
				GCC_WARN_ABOUT_RETURN_TYPE = YES_ERROR;
				GCC_WARN_UNDECLARED_SELECTOR = YES;
				GCC_WARN_UNINITIALIZED_AUTOS = YES_AGGRESSIVE;
				GCC_WARN_UNUSED_FUNCTION = YES;
				GCC_WARN_UNUSED_VARIABLE = YES;
				IPHONEOS_DEPLOYMENT_TARGET = 9.0;
				MTL_ENABLE_DEBUG_INFO = YES;
				ONLY_ACTIVE_ARCH = YES;
				SDKROOT = iphoneos;
				TARGETED_DEVICE_FAMILY = "1,2";
			};
			name = Debug;
		};
		1DD13D1B1BB3CF74009EB9CD /* Release */ = {
			isa = XCBuildConfiguration;
			buildSettings = {
				ALWAYS_SEARCH_USER_PATHS = NO;
				CLANG_CXX_LANGUAGE_STANDARD = "gnu++0x";
				CLANG_CXX_LIBRARY = "libc++";
				CLANG_ENABLE_MODULES = YES;
				CLANG_ENABLE_OBJC_ARC = YES;
				CLANG_WARN_BOOL_CONVERSION = YES;
				CLANG_WARN_CONSTANT_CONVERSION = YES;
				CLANG_WARN_DIRECT_OBJC_ISA_USAGE = YES_ERROR;
				CLANG_WARN_EMPTY_BODY = YES;
				CLANG_WARN_ENUM_CONVERSION = YES;
				CLANG_WARN_INT_CONVERSION = YES;
				CLANG_WARN_OBJC_ROOT_CLASS = YES_ERROR;
				CLANG_WARN_UNREACHABLE_CODE = YES;
				CLANG_WARN__DUPLICATE_METHOD_MATCH = YES;
				"CODE_SIGN_IDENTITY[sdk=iphoneos*]" = "iPhone Developer";
				COPY_PHASE_STRIP = NO;
				DEBUG_INFORMATION_FORMAT = "dwarf-with-dsym";
				ENABLE_NS_ASSERTIONS = NO;
				ENABLE_STRICT_OBJC_MSGSEND = YES;
				GCC_C_LANGUAGE_STANDARD = gnu99;
				GCC_NO_COMMON_BLOCKS = YES;
				GCC_WARN_64_TO_32_BIT_CONVERSION = YES;
				GCC_WARN_ABOUT_RETURN_TYPE = YES_ERROR;
				GCC_WARN_UNDECLARED_SELECTOR = YES;
				GCC_WARN_UNINITIALIZED_AUTOS = YES_AGGRESSIVE;
				GCC_WARN_UNUSED_FUNCTION = YES;
				GCC_WARN_UNUSED_VARIABLE = YES;
				IPHONEOS_DEPLOYMENT_TARGET = 9.0;
				MTL_ENABLE_DEBUG_INFO = NO;
				SDKROOT = iphoneos;
				TARGETED_DEVICE_FAMILY = "1,2";
				VALIDATE_PRODUCT = YES;
			};
			name = Release;
		};
		1DD13D1D1BB3CF74009EB9CD /* Debug */ = {
			isa = XCBuildConfiguration;
			buildSettings = {
				ASSETCATALOG_COMPILER_APPICON_NAME = AppIcon;
				CODE_SIGN_IDENTITY = "iPhone Developer: Wei Feng Hou (P4XREMZX86)";
				INFOPLIST_FILE = SXTableViewManager/Info.plist;
				IPHONEOS_DEPLOYMENT_TARGET = 8.0;
				LD_RUNPATH_SEARCH_PATHS = "$(inherited) @executable_path/Frameworks";
				PRODUCT_BUNDLE_IDENTIFIER = com.Sankuai.SXTableViewManager;
				PRODUCT_NAME = "$(TARGET_NAME)";
			};
			name = Debug;
		};
		1DD13D1E1BB3CF74009EB9CD /* Release */ = {
			isa = XCBuildConfiguration;
			buildSettings = {
				ASSETCATALOG_COMPILER_APPICON_NAME = AppIcon;
				CODE_SIGN_IDENTITY = "iPhone Developer: Wei Feng Hou (P4XREMZX86)";
				INFOPLIST_FILE = SXTableViewManager/Info.plist;
				IPHONEOS_DEPLOYMENT_TARGET = 8.0;
				LD_RUNPATH_SEARCH_PATHS = "$(inherited) @executable_path/Frameworks";
				PRODUCT_BUNDLE_IDENTIFIER = com.Sankuai.SXTableViewManager;
				PRODUCT_NAME = "$(TARGET_NAME)";
			};
			name = Release;
		};
		1DD13D201BB3CF74009EB9CD /* Debug */ = {
			isa = XCBuildConfiguration;
			buildSettings = {
				BUNDLE_LOADER = "$(TEST_HOST)";
				INFOPLIST_FILE = SXTableViewManagerTests/Info.plist;
				LD_RUNPATH_SEARCH_PATHS = "$(inherited) @executable_path/Frameworks @loader_path/Frameworks";
				PRODUCT_BUNDLE_IDENTIFIER = com.Sankuai.SXTableViewManagerTests;
				PRODUCT_NAME = "$(TARGET_NAME)";
				TEST_HOST = "$(BUILT_PRODUCTS_DIR)/SXTableViewManager.app/SXTableViewManager";
			};
			name = Debug;
		};
		1DD13D211BB3CF74009EB9CD /* Release */ = {
			isa = XCBuildConfiguration;
			buildSettings = {
				BUNDLE_LOADER = "$(TEST_HOST)";
				INFOPLIST_FILE = SXTableViewManagerTests/Info.plist;
				LD_RUNPATH_SEARCH_PATHS = "$(inherited) @executable_path/Frameworks @loader_path/Frameworks";
				PRODUCT_BUNDLE_IDENTIFIER = com.Sankuai.SXTableViewManagerTests;
				PRODUCT_NAME = "$(TARGET_NAME)";
				TEST_HOST = "$(BUILT_PRODUCTS_DIR)/SXTableViewManager.app/SXTableViewManager";
			};
			name = Release;
		};
		1DD13D231BB3CF74009EB9CD /* Debug */ = {
			isa = XCBuildConfiguration;
			buildSettings = {
				INFOPLIST_FILE = SXTableViewManagerUITests/Info.plist;
				LD_RUNPATH_SEARCH_PATHS = "$(inherited) @executable_path/Frameworks @loader_path/Frameworks";
				PRODUCT_BUNDLE_IDENTIFIER = com.Sankuai.SXTableViewManagerUITests;
				PRODUCT_NAME = "$(TARGET_NAME)";
				TEST_TARGET_NAME = SXTableViewManager;
				USES_XCTRUNNER = YES;
			};
			name = Debug;
		};
		1DD13D241BB3CF74009EB9CD /* Release */ = {
			isa = XCBuildConfiguration;
			buildSettings = {
				INFOPLIST_FILE = SXTableViewManagerUITests/Info.plist;
				LD_RUNPATH_SEARCH_PATHS = "$(inherited) @executable_path/Frameworks @loader_path/Frameworks";
				PRODUCT_BUNDLE_IDENTIFIER = com.Sankuai.SXTableViewManagerUITests;
				PRODUCT_NAME = "$(TARGET_NAME)";
				TEST_TARGET_NAME = SXTableViewManager;
				USES_XCTRUNNER = YES;
			};
			name = Release;
		};
/* End XCBuildConfiguration section */

/* Begin XCConfigurationList section */
		1DD13CEA1BB3CF73009EB9CD /* Build configuration list for PBXProject "SXTableViewManager" */ = {
			isa = XCConfigurationList;
			buildConfigurations = (
				1DD13D1A1BB3CF74009EB9CD /* Debug */,
				1DD13D1B1BB3CF74009EB9CD /* Release */,
			);
			defaultConfigurationIsVisible = 0;
			defaultConfigurationName = Release;
		};
		1DD13D1C1BB3CF74009EB9CD /* Build configuration list for PBXNativeTarget "SXTableViewManager" */ = {
			isa = XCConfigurationList;
			buildConfigurations = (
				1DD13D1D1BB3CF74009EB9CD /* Debug */,
				1DD13D1E1BB3CF74009EB9CD /* Release */,
			);
			defaultConfigurationIsVisible = 0;
			defaultConfigurationName = Release;
		};
		1DD13D1F1BB3CF74009EB9CD /* Build configuration list for PBXNativeTarget "SXTableViewManagerTests" */ = {
			isa = XCConfigurationList;
			buildConfigurations = (
				1DD13D201BB3CF74009EB9CD /* Debug */,
				1DD13D211BB3CF74009EB9CD /* Release */,
			);
			defaultConfigurationIsVisible = 0;
			defaultConfigurationName = Release;
		};
		1DD13D221BB3CF74009EB9CD /* Build configuration list for PBXNativeTarget "SXTableViewManagerUITests" */ = {
			isa = XCConfigurationList;
			buildConfigurations = (
				1DD13D231BB3CF74009EB9CD /* Debug */,
				1DD13D241BB3CF74009EB9CD /* Release */,
			);
			defaultConfigurationIsVisible = 0;
			defaultConfigurationName = Release;
		};
/* End XCConfigurationList section */
	};
	rootObject = 1DD13CE71BB3CF73009EB9CD /* Project object */;
}
